{
  "name": "inquirer",
  "version": "1.0.0",
  "lockfileVersion": 3,
  "requires": true,
  "packages": {
    "": {
      "name": "inquirer",
      "version": "1.0.0",
      "license": "ISC",
      "devDependencies": {
        "typescript": "^5.3.0-dev.20230919"
      }
    },
    "node_modules/typescript": {
      "version": "5.3.0-dev.20230919",
      "resolved": "https://registry.npmjs.org/typescript/-/typescript-5.3.0-dev.20230919.tgz",
      "integrity": "sha512-FU6DZhzId38aY/dX2gHp7phaYkbNJkCx8G//VVs0nVzZv0qjWGggLkMXoMipphO8Hv0TvZu30Zwdt6nzFIbcBQ==",
      "dev": true,
      "bin": {
        "tsc": "bin/tsc",
        "tsserver": "bin/tsserver"
      },
      "engines": {
        "node": ">=14.17"
      }
    }
  }
}
